// !$*UTF8*$!
{
	archiveVersion = 1;
	classes = {
	};
	objectVersion = 56;
	objects = {

/* Begin PBXBuildFile section */
		042EBAB0294CD71900731DAA /* AppDelegate.swift in Sources */ = {isa = PBXBuildFile; fileRef = 042EBAAF294CD71900731DAA /* AppDelegate.swift */; };
		042EBAB2294CD71900731DAA /* SceneDelegate.swift in Sources */ = {isa = PBXBuildFile; fileRef = 042EBAB1294CD71900731DAA /* SceneDelegate.swift */; };
		042EBAB4294CD71900731DAA /* ViewController.swift in Sources */ = {isa = PBXBuildFile; fileRef = 042EBAB3294CD71900731DAA /* ViewController.swift */; };
		042EBAB7294CD71900731DAA /* Main.storyboard in Resources */ = {isa = PBXBuildFile; fileRef = 042EBAB5294CD71900731DAA /* Main.storyboard */; };
		042EBAB9294CD71E00731DAA /* Assets.xcassets in Resources */ = {isa = PBXBuildFile; fileRef = 042EBAB8294CD71E00731DAA /* Assets.xcassets */; };
		042EBABC294CD71E00731DAA /* LaunchScreen.storyboard in Resources */ = {isa = PBXBuildFile; fileRef = 042EBABA294CD71E00731DAA /* LaunchScreen.storyboard */; };
		042EBAC4294CD73B00731DAA /* FirstViewController.swift in Sources */ = {isa = PBXBuildFile; fileRef = 042EBAC3294CD73B00731DAA /* FirstViewController.swift */; };
		042EBAC8294D4DFF00731DAA /* FirsCellTableViewCell.swift in Sources */ = {isa = PBXBuildFile; fileRef = 042EBAC7294D4DFF00731DAA /* FirsCellTableViewCell.swift */; };
		042EBACA294D568900731DAA /* model.swift in Sources */ = {isa = PBXBuildFile; fileRef = 042EBAC9294D568900731DAA /* model.swift */; };
/* End PBXBuildFile section */

/* Begin PBXFileReference section */
		042EBAAC294CD71900731DAA /* 16.12 tableview.app */ = {isa = PBXFileReference; explicitFileType = wrapper.application; includeInIndex = 0; path = "16.12 tableview.app"; sourceTree = BUILT_PRODUCTS_DIR; };
		042EBAAF294CD71900731DAA /* AppDelegate.swift */ = {isa = PBXFileReference; lastKnownFileType = sourcecode.swift; path = AppDelegate.swift; sourceTree = "<group>"; };
		042EBAB1294CD71900731DAA /* SceneDelegate.swift */ = {isa = PBXFileReference; lastKnownFileType = sourcecode.swift; path = SceneDelegate.swift; sourceTree = "<group>"; };
		042EBAB3294CD71900731DAA /* ViewController.swift */ = {isa = PBXFileReference; lastKnownFileType = sourcecode.swift; path = ViewController.swift; sourceTree = "<group>"; };
		042EBAB6294CD71900731DAA /* Base */ = {isa = PBXFileReference; lastKnownFileType = file.storyboard; name = Base; path = Base.lproj/Main.storyboard; sourceTree = "<group>"; };
		042EBAB8294CD71E00731DAA /* Assets.xcassets */ = {isa = PBXFileReference; lastKnownFileType = folder.assetcatalog; path = Assets.xcassets; sourceTree = "<group>"; };
		042EBABB294CD71E00731DAA /* Base */ = {isa = PBXFileReference; lastKnownFileType = file.storyboard; name = Base; path = Base.lproj/LaunchScreen.storyboard; sourceTree = "<group>"; };
		042EBABD294CD71E00731DAA /* Info.plist */ = {isa = PBXFileReference; lastKnownFileType = text.plist.xml; path = Info.plist; sourceTree = "<group>"; };
		042EBAC3294CD73B00731DAA /* FirstViewController.swift */ = {isa = PBXFileReference; lastKnownFileType = sourcecode.swift; path = FirstViewController.swift; sourceTree = "<group>"; };
		042EBAC7294D4DFF00731DAA /* FirsCellTableViewCell.swift */ = {isa = PBXFileReference; lastKnownFileType = sourcecode.swift; path = FirsCellTableViewCell.swift; sourceTree = "<group>"; };
		042EBAC9294D568900731DAA /* model.swift */ = {isa = PBXFileReference; lastKnownFileType = sourcecode.swift; path = model.swift; sourceTree = "<group>"; };
/* End PBXFileReference section */

/* Begin PBXFrameworksBuildPhase section */
		042EBAA9294CD71900731DAA /* Frameworks */ = {
			isa = PBXFrameworksBuildPhase;
			buildActionMask = 2147483647;
			files = (
			);
			runOnlyForDeploymentPostprocessing = 0;
		};
/* End PBXFrameworksBuildPhase section */

/* Begin PBXGroup section */
		042EBAA3294CD71900731DAA = {
			isa = PBXGroup;
			children = (
				042EBAAE294CD71900731DAA /* 16.12 tableview */,
				042EBAAD294CD71900731DAA /* Products */,
			);
			sourceTree = "<group>";
		};
		042EBAAD294CD71900731DAA /* Products */ = {
			isa = PBXGroup;
			children = (
				042EBAAC294CD71900731DAA /* 16.12 tableview.app */,
			);
			name = Products;
			sourceTree = "<group>";
		};
		042EBAAE294CD71900731DAA /* 16.12 tableview */ = {
			isa = PBXGroup;
			children = (
				042EBAC5294CD85A00731DAA /* program */,
				042EBAAF294CD71900731DAA /* AppDelegate.swift */,
				042EBAB1294CD71900731DAA /* SceneDelegate.swift */,
				042EBAB3294CD71900731DAA /* ViewController.swift */,
				042EBAB5294CD71900731DAA /* Main.storyboard */,
				042EBAB8294CD71E00731DAA /* Assets.xcassets */,
				042EBABA294CD71E00731DAA /* LaunchScreen.storyboard */,
				042EBABD294CD71E00731DAA /* Info.plist */,
			);
			path = "16.12 tableview";
			sourceTree = "<group>";
		};
		042EBAC5294CD85A00731DAA /* program */ = {
			isa = PBXGroup;
			children = (
				042EBAC3294CD73B00731DAA /* FirstViewController.swift */,
				042EBAC9294D568900731DAA /* model.swift */,
				042EBAC7294D4DFF00731DAA /* FirsCellTableViewCell.swift */,
			);
			path = program;
			sourceTree = "<group>";
		};
/* End PBXGroup section */

/* Begin PBXNativeTarget section */
		042EBAAB294CD71900731DAA /* 16.12 tableview */ = {
			isa = PBXNativeTarget;
			buildConfigurationList = 042EBAC0294CD71E00731DAA /* Build configuration list for PBXNativeTarget "16.12 tableview" */;
			buildPhases = (
				042EBAA8294CD71900731DAA /* Sources */,
				042EBAA9294CD71900731DAA /* Frameworks */,
				042EBAAA294CD71900731DAA /* Resources */,
			);
			buildRules = (
			);
			dependencies = (
			);
			name = "16.12 tableview";
			productName = "16.12 tableview";
			productReference = 042EBAAC294CD71900731DAA /* 16.12 tableview.app */;
			productType = "com.apple.product-type.application";
		};
/* End PBXNativeTarget section */

/* Begin PBXProject section */
		042EBAA4294CD71900731DAA /* Project object */ = {
			isa = PBXProject;
			attributes = {
				BuildIndependentTargetsInParallel = 1;
				LastSwiftUpdateCheck = 1410;
				LastUpgradeCheck = 1410;
				TargetAttributes = {
					042EBAAB294CD71900731DAA = {
						CreatedOnToolsVersion = 14.1;
					};
				};
			};
			buildConfigurationList = 042EBAA7294CD71900731DAA /* Build configuration list for PBXProject "16.12 tableview" */;
			compatibilityVersion = "Xcode 14.0";
			developmentRegion = en;
			hasScannedForEncodings = 0;
			knownRegions = (
				en,
				Base,
			);
			mainGroup = 042EBAA3294CD71900731DAA;
			productRefGroup = 042EBAAD294CD71900731DAA /* Products */;
			projectDirPath = "";
			projectRoot = "";
			targets = (
				042EBAAB294CD71900731DAA /* 16.12 tableview */,
			);
		};
/* End PBXProject section */

/* Begin PBXResourcesBuildPhase section */
		042EBAAA294CD71900731DAA /* Resources */ = {
			isa = PBXResourcesBuildPhase;
			buildActionMask = 2147483647;
			files = (
				042EBABC294CD71E00731DAA /* LaunchScreen.storyboard in Resources */,
				042EBAB9294CD71E00731DAA /* Assets.xcassets in Resources */,
				042EBAB7294CD71900731DAA /* Main.storyboard in Resources */,
			);
			runOnlyForDeploymentPostprocessing = 0;
		};
/* End PBXResourcesBuildPhase section */

/* Begin PBXSourcesBuildPhase section */
		042EBAA8294CD71900731DAA /* Sources */ = {
			isa = PBXSourcesBuildPhase;
			buildActionMask = 2147483647;
			files = (
				042EBAB4294CD71900731DAA /* ViewController.swift in Sources */,
				042EBACA294D568900731DAA /* model.swift in Sources */,
				042EBAB0294CD71900731DAA /* AppDelegate.swift in Sources */,
				042EBAB2294CD71900731DAA /* SceneDelegate.swift in Sources */,
				042EBAC4294CD73B00731DAA /* FirstViewController.swift in Sources */,
				042EBAC8294D4DFF00731DAA /* FirsCellTableViewCell.swift in Sources */,
			);
			runOnlyForDeploymentPostprocessing = 0;
		};
/* End PBXSourcesBuildPhase section */

/* Begin PBXVariantGroup section */
		042EBAB5294CD71900731DAA /* Main.storyboard */ = {
			isa = PBXVariantGroup;
			children = (
				042EBAB6294CD71900731DAA /* Base */,
			);
			name = Main.storyboard;
			sourceTree = "<group>";
		};
		042EBABA294CD71E00731DAA /* LaunchScreen.storyboard */ = {
			isa = PBXVariantGroup;
			children = (
				042EBABB294CD71E00731DAA /* Base */,
			);
			name = LaunchScreen.storyboard;
			sourceTree = "<group>";
		};
/* End PBXVariantGroup section */

/* Begin XCBuildConfiguration section */
		042EBABE294CD71E00731DAA /* Debug */ = {
			isa = XCBuildConfiguration;
			buildSettings = {
				ALWAYS_SEARCH_USER_PATHS = NO;
				CLANG_ANALYZER_NONNULL = YES;
				CLANG_ANALYZER_NUMBER_OBJECT_CONVERSION = YES_AGGRESSIVE;
				CLANG_CXX_LANGUAGE_STANDARD = "gnu++20";
				CLANG_ENABLE_MODULES = YES;
				CLANG_ENABLE_OBJC_ARC = YES;
				CLANG_ENABLE_OBJC_WEAK = YES;
				CLANG_WARN_BLOCK_CAPTURE_AUTORELEASING = YES;
				CLANG_WARN_BOOL_CONVERSION = YES;
				CLANG_WARN_COMMA = YES;
				CLANG_WARN_CONSTANT_CONVERSION = YES;
				CLANG_WARN_DEPRECATED_OBJC_IMPLEMENTATIONS = YES;
				CLANG_WARN_DIRECT_OBJC_ISA_USAGE = YES_ERROR;
				CLANG_WARN_DOCUMENTATION_COMMENTS = YES;
				CLANG_WARN_EMPTY_BODY = YES;
				CLANG_WARN_ENUM_CONVERSION = YES;
				CLANG_WARN_INFINITE_RECURSION = YES;
				CLANG_WARN_INT_CONVERSION = YES;
				CLANG_WARN_NON_LITERAL_NULL_CONVERSION = YES;
				CLANG_WARN_OBJC_IMPLICIT_RETAIN_SELF = YES;
				CLANG_WARN_OBJC_LITERAL_CONVERSION = YES;
				CLANG_WARN_OBJC_ROOT_CLASS = YES_ERROR;
				CLANG_WARN_QUOTED_INCLUDE_IN_FRAMEWORK_HEADER = YES;
				CLANG_WARN_RANGE_LOOP_ANALYSIS = YES;
				CLANG_WARN_STRICT_PROTOTYPES = YES;
				CLANG_WARN_SUSPICIOUS_MOVE = YES;
				CLANG_WARN_UNGUARDED_AVAILABILITY = YES_AGGRESSIVE;
				CLANG_WARN_UNREACHABLE_CODE = YES;
				CLANG_WARN__DUPLICATE_METHOD_MATCH = YES;
				COPY_PHASE_STRIP = NO;
				DEBUG_INFORMATION_FORMAT = dwarf;
				ENABLE_STRICT_OBJC_MSGSEND = YES;
				ENABLE_TESTABILITY = YES;
				GCC_C_LANGUAGE_STANDARD = gnu11;
				GCC_DYNAMIC_NO_PIC = NO;
				GCC_NO_COMMON_BLOCKS = YES;
				GCC_OPTIMIZATION_LEVEL = 0;
				GCC_PREPROCESSOR_DEFINITIONS = (
					"DEBUG=1",
					"$(inherited)",
				);
				GCC_WARN_64_TO_32_BIT_CONVERSION = YES;
				GCC_WARN_ABOUT_RETURN_TYPE = YES_ERROR;
				GCC_WARN_UNDECLARED_SELECTOR = YES;
				GCC_WARN_UNINITIALIZED_AUTOS = YES_AGGRESSIVE;
				GCC_WARN_UNUSED_FUNCTION = YES;
				GCC_WARN_UNUSED_VARIABLE = YES;
				IPHONEOS_DEPLOYMENT_TARGET = 16.1;
				MTL_ENABLE_DEBUG_INFO = INCLUDE_SOURCE;
				MTL_FAST_MATH = YES;
				ONLY_ACTIVE_ARCH = YES;
				SDKROOT = iphoneos;
				SWIFT_ACTIVE_COMPILATION_CONDITIONS = DEBUG;
				SWIFT_OPTIMIZATION_LEVEL = "-Onone";
			};
			name = Debug;
		};
		042EBABF294CD71E00731DAA /* Release */ = {
			isa = XCBuildConfiguration;
			buildSettings = {
				ALWAYS_SEARCH_USER_PATHS = NO;
				CLANG_ANALYZER_NONNULL = YES;
				CLANG_ANALYZER_NUMBER_OBJECT_CONVERSION = YES_AGGRESSIVE;
				CLANG_CXX_LANGUAGE_STANDARD = "gnu++20";
				CLANG_ENABLE_MODULES = YES;
				CLANG_ENABLE_OBJC_ARC = YES;
				CLANG_ENABLE_OBJC_WEAK = YES;
				CLANG_WARN_BLOCK_CAPTURE_AUTORELEASING = YES;
				CLANG_WARN_BOOL_CONVERSION = YES;
				CLANG_WARN_COMMA = YES;
				CLANG_WARN_CONSTANT_CONVERSION = YES;
				CLANG_WARN_DEPRECATED_OBJC_IMPLEMENTATIONS = YES;
				CLANG_WARN_DIRECT_OBJC_ISA_USAGE = YES_ERROR;
				CLANG_WARN_DOCUMENTATION_COMMENTS = YES;
				CLANG_WARN_EMPTY_BODY = YES;
				CLANG_WARN_ENUM_CONVERSION = YES;
				CLANG_WARN_INFINITE_RECURSION = YES;
				CLANG_WARN_INT_CONVERSION = YES;
				CLANG_WARN_NON_LITERAL_NULL_CONVERSION = YES;
				CLANG_WARN_OBJC_IMPLICIT_RETAIN_SELF = YES;
				CLANG_WARN_OBJC_LITERAL_CONVERSION = YES;
				CLANG_WARN_OBJC_ROOT_CLASS = YES_ERROR;
				CLANG_WARN_QUOTED_INCLUDE_IN_FRAMEWORK_HEADER = YES;
				CLANG_WARN_RANGE_LOOP_ANALYSIS = YES;
				CLANG_WARN_STRICT_PROTOTYPES = YES;
				CLANG_WARN_SUSPICIOUS_MOVE = YES;
				CLANG_WARN_UNGUARDED_AVAILABILITY = YES_AGGRESSIVE;
				CLANG_WARN_UNREACHABLE_CODE = YES;
				CLANG_WARN__DUPLICATE_METHOD_MATCH = YES;
				COPY_PHASE_STRIP = NO;
				DEBUG_INFORMATION_FORMAT = "dwarf-with-dsym";
				ENABLE_NS_ASSERTIONS = NO;
				ENABLE_STRICT_OBJC_MSGSEND = YES;
				GCC_C_LANGUAGE_STANDARD = gnu11;
				GCC_NO_COMMON_BLOCKS = YES;
				GCC_WARN_64_TO_32_BIT_CONVERSION = YES;
				GCC_WARN_ABOUT_RETURN_TYPE = YES_ERROR;
				GCC_WARN_UNDECLARED_SELECTOR = YES;
				GCC_WARN_UNINITIALIZED_AUTOS = YES_AGGRESSIVE;
				GCC_WARN_UNUSED_FUNCTION = YES;
				GCC_WARN_UNUSED_VARIABLE = YES;
				IPHONEOS_DEPLOYMENT_TARGET = 16.1;
				MTL_ENABLE_DEBUG_INFO = NO;
				MTL_FAST_MATH = YES;
				SDKROOT = iphoneos;
				SWIFT_COMPILATION_MODE = wholemodule;
				SWIFT_OPTIMIZATION_LEVEL = "-O";
				VALIDATE_PRODUCT = YES;
			};
			name = Release;
		};
		042EBAC1294CD71E00731DAA /* Debug */ = {
			isa = XCBuildConfiguration;
			buildSettings = {
				ASSETCATALOG_COMPILER_APPICON_NAME = AppIcon;
				ASSETCATALOG_COMPILER_GLOBAL_ACCENT_COLOR_NAME = AccentColor;
				CODE_SIGN_STYLE = Automatic;
				CURRENT_PROJECT_VERSION = 1;
				DEVELOPMENT_TEAM = Y6KM2TQ2K4;
				GENERATE_INFOPLIST_FILE = YES;
				INFOPLIST_FILE = "16.12 tableview/Info.plist";
				INFOPLIST_KEY_UIApplicationSupportsIndirectInputEvents = YES;
				INFOPLIST_KEY_UILaunchStoryboardName = LaunchScreen;
				INFOPLIST_KEY_UIMainStoryboardFile = Main;
				INFOPLIST_KEY_UISupportedInterfaceOrientations_iPad = "UIInterfaceOrientationPortrait UIInterfaceOrientationPortraitUpsideDown UIInterfaceOrientationLandscapeLeft UIInterfaceOrientationLandscapeRight";
				INFOPLIST_KEY_UISupportedInterfaceOrientations_iPhone = "UIInterfaceOrientationPortrait UIInterfaceOrientationLandscapeLeft UIInterfaceOrientationLandscapeRight";
				LD_RUNPATH_SEARCH_PATHS = (
					"$(inherited)",
					"@executable_path/Frameworks",
				);
				MARKETING_VERSION = 1.0;
				PRODUCT_BUNDLE_IDENTIFIER = "isroil.-6-12-tableview";
				PRODUCT_NAME = "$(TARGET_NAME)";
				SWIFT_EMIT_LOC_STRINGS = YES;
				SWIFT_VERSION = 5.0;
				TARGETED_DEVICE_FAMILY = "1,2";
			};
			name = Debug;
		};
		042EBAC2294CD71E00731DAA /* Release */ = {
			isa = XCBuildConfiguration;
			buildSettings = {
				ASSETCATALOG_COMPILER_APPICON_NAME = AppIcon;
				ASSETCATALOG_COMPILER_GLOBAL_ACCENT_COLOR_NAME = AccentColor;
				CODE_SIGN_STYLE = Automatic;
				CURRENT_PROJECT_VERSION = 1;
				DEVELOPMENT_TEAM = Y6KM2TQ2K4;
				GENERATE_INFOPLIST_FILE = YES;
				INFOPLIST_FILE = "16.12 tableview/Info.plist";
				INFOPLIST_KEY_UIApplicationSupportsIndirectInputEvents = YES;
				INFOPLIST_KEY_UILaunchStoryboardName = LaunchScreen;
				INFOPLIST_KEY_UIMainStoryboardFile = Main;
				INFOPLIST_KEY_UISupportedInterfaceOrientations_iPad = "UIInterfaceOrientationPortrait UIInterfaceOrientationPortraitUpsideDown UIInterfaceOrientationLandscapeLeft UIInterfaceOrientationLandscapeRight";
				INFOPLIST_KEY_UISupportedInterfaceOrientations_iPhone = "UIInterfaceOrientationPortrait UIInterfaceOrientationLandscapeLeft UIInterfaceOrientationLandscapeRight";
				LD_RUNPATH_SEARCH_PATHS = (
					"$(inherited)",
					"@executable_path/Frameworks",
				);
				MARKETING_VERSION = 1.0;
				PRODUCT_BUNDLE_IDENTIFIER = "isroil.-6-12-tableview";
				PRODUCT_NAME = "$(TARGET_NAME)";
				SWIFT_EMIT_LOC_STRINGS = YES;
				SWIFT_VERSION = 5.0;
				TARGETED_DEVICE_FAMILY = "1,2";
			};
			name = Release;
		};
/* End XCBuildConfiguration section */

/* Begin XCConfigurationList section */
		042EBAA7294CD71900731DAA /* Build configuration list for PBXProject "16.12 tableview" */ = {
			isa = XCConfigurationList;
			buildConfigurations = (
				042EBABE294CD71E00731DAA /* Debug */,
				042EBABF294CD71E00731DAA /* Release */,
			);
			defaultConfigurationIsVisible = 0;
			defaultConfigurationName = Release;
		};
		042EBAC0294CD71E00731DAA /* Build configuration list for PBXNativeTarget "16.12 tableview" */ = {
			isa = XCConfigurationList;
			buildConfigurations = (
				042EBAC1294CD71E00731DAA /* Debug */,
				042EBAC2294CD71E00731DAA /* Release */,
			);
			defaultConfigurationIsVisible = 0;
			defaultConfigurationName = Release;
		};
/* End XCConfigurationList section */
	};
	rootObject = 042EBAA4294CD71900731DAA /* Project object */;
}
